{
  "name": "rs-computer",
  "version": "1.0.0",
  "lockfileVersion": 3,
  "requires": true,
  "packages": {
    "": {
      "name": "rs-computer",
      "version": "1.0.0",
      "dependencies": {
        "indefinite": "^2.5.1"
      }
    },
    "node_modules/indefinite": {
      "version": "2.5.1",
      "resolved": "https://registry.npmjs.org/indefinite/-/indefinite-2.5.1.tgz",
      "integrity": "sha512-Ul0hCdnSjuFDEloYWeozTaEfljbz+0q+u4HsHns2dOk2DlhGlbRMGFtNcIL+Ve7sZYeIOTOAKA0usAXBGHpNDg==",
      "license": "MIT",
      "engines": {
        "node": ">=6.0.0"
      }
    }
  }
}
